
Microsoft Visual Studio Solution File, Format Version 12.00
# Visual Studio Version 17
VisualStudioVersion = 17.0.31903.59
MinimumVisualStudioVersion = 10.0.40219.1
Project("{2150E333-8FDC-42A3-9474-1A3956D46DE8}") = "src", "src", "{827E0CD3-B72D-47B6-A68D-7590B98EB39B}"
EndProject
Project("{FAE04EC0-301F-11D3-BF4B-00C04F79EFBC}") = "Hzs.Cli", "src\Hzs.Cli\Hzs.Cli.csproj", "{84091161-17A6-41DA-8EA6-51709A371727}"
EndProject
Project("{FAE04EC0-301F-11D3-BF4B-00C04F79EFBC}") = "Hzs.Common", "src\Hzs.Common\Hzs.Common.csproj", "{F4DA2BC2-6643-4CBD-AC02-20D43374E0D2}"
EndProject
Project("{FAE04EC0-301F-11D3-BF4B-00C04F79EFBC}") = "Hzs.Cs2", "src\Hzs.Cs2\Hzs.Cs2.csproj", "{DC710342-7F14-4572-9503-461BE24A0CA8}"
EndProject
Project("{FAE04EC0-301F-11D3-BF4B-00C04F79EFBC}") = "Hzs.Decima", "src\Hzs.Decima\Hzs.Decima.csproj", "{765166C5-71F0-4FCF-87BE-B79D9FE7A8D5}"
EndProject
Project("{FAE04EC0-301F-11D3-BF4B-00C04F79EFBC}") = "Hzs.Generated", "src\Hzs.Generated\Hzs.Generated.csproj", "{6F342EE2-0214-4FCE-94B4-3E51970B338B}"
EndProject
Global
	GlobalSection(SolutionConfigurationPlatforms) = preSolution
		Debug|Any CPU = Debug|Any CPU
		Debug|x64 = Debug|x64
		Debug|x86 = Debug|x86
		Release|Any CPU = Release|Any CPU
		Release|x64 = Release|x64
		Release|x86 = Release|x86
	EndGlobalSection
	GlobalSection(ProjectConfigurationPlatforms) = postSolution
		{84091161-17A6-41DA-8EA6-51709A371727}.Debug|Any CPU.ActiveCfg = Debug|Any CPU
		{84091161-17A6-41DA-8EA6-51709A371727}.Debug|Any CPU.Build.0 = Debug|Any CPU
		{84091161-17A6-41DA-8EA6-51709A371727}.Debug|x64.ActiveCfg = Debug|Any CPU
		{84091161-17A6-41DA-8EA6-51709A371727}.Debug|x64.Build.0 = Debug|Any CPU
		{84091161-17A6-41DA-8EA6-51709A371727}.Debug|x86.ActiveCfg = Debug|Any CPU
		{84091161-17A6-41DA-8EA6-51709A371727}.Debug|x86.Build.0 = Debug|Any CPU
		{84091161-17A6-41DA-8EA6-51709A371727}.Release|Any CPU.ActiveCfg = Release|Any CPU
		{84091161-17A6-41DA-8EA6-51709A371727}.Release|Any CPU.Build.0 = Release|Any CPU
		{84091161-17A6-41DA-8EA6-51709A371727}.Release|x64.ActiveCfg = Release|Any CPU
		{84091161-17A6-41DA-8EA6-51709A371727}.Release|x64.Build.0 = Release|Any CPU
		{84091161-17A6-41DA-8EA6-51709A371727}.Release|x86.ActiveCfg = Release|Any CPU
		{84091161-17A6-41DA-8EA6-51709A371727}.Release|x86.Build.0 = Release|Any CPU
		{F4DA2BC2-6643-4CBD-AC02-20D43374E0D2}.Debug|Any CPU.ActiveCfg = Debug|Any CPU
		{F4DA2BC2-6643-4CBD-AC02-20D43374E0D2}.Debug|Any CPU.Build.0 = Debug|Any CPU
		{F4DA2BC2-6643-4CBD-AC02-20D43374E0D2}.Debug|x64.ActiveCfg = Debug|Any CPU
		{F4DA2BC2-6643-4CBD-AC02-20D43374E0D2}.Debug|x64.Build.0 = Debug|Any CPU
		{F4DA2BC2-6643-4CBD-AC02-20D43374E0D2}.Debug|x86.ActiveCfg = Debug|Any CPU
		{F4DA2BC2-6643-4CBD-AC02-20D43374E0D2}.Debug|x86.Build.0 = Debug|Any CPU
		{F4DA2BC2-6643-4CBD-AC02-20D43374E0D2}.Release|Any CPU.ActiveCfg = Release|Any CPU
		{F4DA2BC2-6643-4CBD-AC02-20D43374E0D2}.Release|Any CPU.Build.0 = Release|Any CPU
		{F4DA2BC2-6643-4CBD-AC02-20D43374E0D2}.Release|x64.ActiveCfg = Release|Any CPU
		{F4DA2BC2-6643-4CBD-AC02-20D43374E0D2}.Release|x64.Build.0 = Release|Any CPU
		{F4DA2BC2-6643-4CBD-AC02-20D43374E0D2}.Release|x86.ActiveCfg = Release|Any CPU
		{F4DA2BC2-6643-4CBD-AC02-20D43374E0D2}.Release|x86.Build.0 = Release|Any CPU
		{DC710342-7F14-4572-9503-461BE24A0CA8}.Debug|Any CPU.ActiveCfg = Debug|Any CPU
		{DC710342-7F14-4572-9503-461BE24A0CA8}.Debug|Any CPU.Build.0 = Debug|Any CPU
		{DC710342-7F14-4572-9503-461BE24A0CA8}.Debug|x64.ActiveCfg = Debug|Any CPU
		{DC710342-7F14-4572-9503-461BE24A0CA8}.Debug|x64.Build.0 = Debug|Any CPU
		{DC710342-7F14-4572-9503-461BE24A0CA8}.Debug|x86.ActiveCfg = Debug|Any CPU
		{DC710342-7F14-4572-9503-461BE24A0CA8}.Debug|x86.Build.0 = Debug|Any CPU
		{DC710342-7F14-4572-9503-461BE24A0CA8}.Release|Any CPU.ActiveCfg = Release|Any CPU
		{DC710342-7F14-4572-9503-461BE24A0CA8}.Release|Any CPU.Build.0 = Release|Any CPU
		{DC710342-7F14-4572-9503-461BE24A0CA8}.Release|x64.ActiveCfg = Release|Any CPU
		{DC710342-7F14-4572-9503-461BE24A0CA8}.Release|x64.Build.0 = Release|Any CPU
		{DC710342-7F14-4572-9503-461BE24A0CA8}.Release|x86.ActiveCfg = Release|Any CPU
		{DC710342-7F14-4572-9503-461BE24A0CA8}.Release|x86.Build.0 = Release|Any CPU
		{765166C5-71F0-4FCF-87BE-B79D9FE7A8D5}.Debug|Any CPU.ActiveCfg = Debug|Any CPU
		{765166C5-71F0-4FCF-87BE-B79D9FE7A8D5}.Debug|Any CPU.Build.0 = Debug|Any CPU
		{765166C5-71F0-4FCF-87BE-B79D9FE7A8D5}.Debug|x64.ActiveCfg = Debug|Any CPU
		{765166C5-71F0-4FCF-87BE-B79D9FE7A8D5}.Debug|x64.Build.0 = Debug|Any CPU
		{765166C5-71F0-4FCF-87BE-B79D9FE7A8D5}.Debug|x86.ActiveCfg = Debug|Any CPU
		{765166C5-71F0-4FCF-87BE-B79D9FE7A8D5}.Debug|x86.Build.0 = Debug|Any CPU
		{765166C5-71F0-4FCF-87BE-B79D9FE7A8D5}.Release|Any CPU.ActiveCfg = Release|Any CPU
		{765166C5-71F0-4FCF-87BE-B79D9FE7A8D5}.Release|Any CPU.Build.0 = Release|Any CPU
		{765166C5-71F0-4FCF-87BE-B79D9FE7A8D5}.Release|x64.ActiveCfg = Release|Any CPU
		{765166C5-71F0-4FCF-87BE-B79D9FE7A8D5}.Release|x64.Build.0 = Release|Any CPU
		{765166C5-71F0-4FCF-87BE-B79D9FE7A8D5}.Release|x86.ActiveCfg = Release|Any CPU
		{765166C5-71F0-4FCF-87BE-B79D9FE7A8D5}.Release|x86.Build.0 = Release|Any CPU
		{6F342EE2-0214-4FCE-94B4-3E51970B338B}.Debug|Any CPU.ActiveCfg = Debug|Any CPU
		{6F342EE2-0214-4FCE-94B4-3E51970B338B}.Debug|Any CPU.Build.0 = Debug|Any CPU
		{6F342EE2-0214-4FCE-94B4-3E51970B338B}.Debug|x64.ActiveCfg = Debug|Any CPU
		{6F342EE2-0214-4FCE-94B4-3E51970B338B}.Debug|x64.Build.0 = Debug|Any CPU
		{6F342EE2-0214-4FCE-94B4-3E51970B338B}.Debug|x86.ActiveCfg = Debug|Any CPU
		{6F342EE2-0214-4FCE-94B4-3E51970B338B}.Debug|x86.Build.0 = Debug|Any CPU
		{6F342EE2-0214-4FCE-94B4-3E51970B338B}.Release|Any CPU.ActiveCfg = Release|Any CPU
		{6F342EE2-0214-4FCE-94B4-3E51970B338B}.Release|Any CPU.Build.0 = Release|Any CPU
		{6F342EE2-0214-4FCE-94B4-3E51970B338B}.Release|x64.ActiveCfg = Release|Any CPU
		{6F342EE2-0214-4FCE-94B4-3E51970B338B}.Release|x64.Build.0 = Release|Any CPU
		{6F342EE2-0214-4FCE-94B4-3E51970B338B}.Release|x86.ActiveCfg = Release|Any CPU
		{6F342EE2-0214-4FCE-94B4-3E51970B338B}.Release|x86.Build.0 = Release|Any CPU
	EndGlobalSection
	GlobalSection(SolutionProperties) = preSolution
		HideSolutionNode = FALSE
	EndGlobalSection
	GlobalSection(NestedProjects) = preSolution
		{84091161-17A6-41DA-8EA6-51709A371727} = {827E0CD3-B72D-47B6-A68D-7590B98EB39B}
		{F4DA2BC2-6643-4CBD-AC02-20D43374E0D2} = {827E0CD3-B72D-47B6-A68D-7590B98EB39B}
		{DC710342-7F14-4572-9503-461BE24A0CA8} = {827E0CD3-B72D-47B6-A68D-7590B98EB39B}
		{765166C5-71F0-4FCF-87BE-B79D9FE7A8D5} = {827E0CD3-B72D-47B6-A68D-7590B98EB39B}
		{6F342EE2-0214-4FCE-94B4-3E51970B338B} = {827E0CD3-B72D-47B6-A68D-7590B98EB39B}
	EndGlobalSection
EndGlobal
